
Microsoft Visual Studio Solution File, Format Version 12.00
# Visual Studio 15
VisualStudioVersion = 15.0.28307.489
MinimumVisualStudioVersion = 10.0.40219.1
Project("{9A19103F-16F7-4668-BE54-9A1E7A4F7556}") = "TreeMenuView", "TreeMenuView\TreeMenuView.csproj", "{E71F3053-056C-4381-9638-048ED73BDFF6}"
EndProject
Project("{FAE04EC0-301F-11D3-BF4B-00C04F79EFBC}") = "TreeMenuView.UnitTests", "TreeMenuView.UnitTests\TreeMenuView.UnitTests.csproj", "{D3E03F2E-6607-457F-AC21-77ECB35537E4}"
EndProject
Project("{FAE04EC0-301F-11D3-BF4B-00C04F79EFBC}") = "TreeMenuSample.Android", "TreeMenuSample.Android\TreeMenuSample.Android.csproj", "{214DF492-54D2-4DE2-9AB6-FB3402F37867}"
EndProject
Project("{FAE04EC0-301F-11D3-BF4B-00C04F79EFBC}") = "TreeMenuSample.iOS", "TreeMenuSample.iOS\TreeMenuSample.iOS.csproj", "{C8048CAF-2B5E-4044-B8C8-AB63A653C782}"
EndProject
Project("{9A19103F-16F7-4668-BE54-9A1E7A4F7556}") = "TreeMenuSample.Shared", "TreeMenuSample.Shared\TreeMenuSample.Shared.csproj", "{45FAFBB0-19C3-4538-A6FB-5D8E66A4277B}"
EndProject
Global
	GlobalSection(SolutionConfigurationPlatforms) = preSolution
		Debug|Any CPU = Debug|Any CPU
		Debug|iPhone = Debug|iPhone
		Debug|iPhoneSimulator = Debug|iPhoneSimulator
		Release|Any CPU = Release|Any CPU
		Release|iPhone = Release|iPhone
		Release|iPhoneSimulator = Release|iPhoneSimulator
	EndGlobalSection
	GlobalSection(ProjectConfigurationPlatforms) = postSolution
		{E71F3053-056C-4381-9638-048ED73BDFF6}.Debug|Any CPU.ActiveCfg = Debug|Any CPU
		{E71F3053-056C-4381-9638-048ED73BDFF6}.Debug|Any CPU.Build.0 = Debug|Any CPU
		{E71F3053-056C-4381-9638-048ED73BDFF6}.Debug|Any CPU.Deploy.0 = Debug|Any CPU
		{E71F3053-056C-4381-9638-048ED73BDFF6}.Debug|iPhone.ActiveCfg = Debug|Any CPU
		{E71F3053-056C-4381-9638-048ED73BDFF6}.Debug|iPhone.Build.0 = Debug|Any CPU
		{E71F3053-056C-4381-9638-048ED73BDFF6}.Debug|iPhoneSimulator.ActiveCfg = Debug|Any CPU
		{E71F3053-056C-4381-9638-048ED73BDFF6}.Debug|iPhoneSimulator.Build.0 = Debug|Any CPU
		{E71F3053-056C-4381-9638-048ED73BDFF6}.Release|Any CPU.ActiveCfg = Release|Any CPU
		{E71F3053-056C-4381-9638-048ED73BDFF6}.Release|Any CPU.Build.0 = Release|Any CPU
		{E71F3053-056C-4381-9638-048ED73BDFF6}.Release|Any CPU.Deploy.0 = Release|Any CPU
		{E71F3053-056C-4381-9638-048ED73BDFF6}.Release|iPhone.ActiveCfg = Release|Any CPU
		{E71F3053-056C-4381-9638-048ED73BDFF6}.Release|iPhone.Build.0 = Release|Any CPU
		{E71F3053-056C-4381-9638-048ED73BDFF6}.Release|iPhoneSimulator.ActiveCfg = Release|Any CPU
		{E71F3053-056C-4381-9638-048ED73BDFF6}.Release|iPhoneSimulator.Build.0 = Release|Any CPU
		{D3E03F2E-6607-457F-AC21-77ECB35537E4}.Debug|Any CPU.ActiveCfg = Debug|Any CPU
		{D3E03F2E-6607-457F-AC21-77ECB35537E4}.Debug|Any CPU.Build.0 = Debug|Any CPU
		{D3E03F2E-6607-457F-AC21-77ECB35537E4}.Debug|iPhone.ActiveCfg = Debug|Any CPU
		{D3E03F2E-6607-457F-AC21-77ECB35537E4}.Debug|iPhone.Build.0 = Debug|Any CPU
		{D3E03F2E-6607-457F-AC21-77ECB35537E4}.Debug|iPhoneSimulator.ActiveCfg = Debug|Any CPU
		{D3E03F2E-6607-457F-AC21-77ECB35537E4}.Debug|iPhoneSimulator.Build.0 = Debug|Any CPU
		{D3E03F2E-6607-457F-AC21-77ECB35537E4}.Release|Any CPU.ActiveCfg = Release|Any CPU
		{D3E03F2E-6607-457F-AC21-77ECB35537E4}.Release|Any CPU.Build.0 = Release|Any CPU
		{D3E03F2E-6607-457F-AC21-77ECB35537E4}.Release|iPhone.ActiveCfg = Release|Any CPU
		{D3E03F2E-6607-457F-AC21-77ECB35537E4}.Release|iPhone.Build.0 = Release|Any CPU
		{D3E03F2E-6607-457F-AC21-77ECB35537E4}.Release|iPhoneSimulator.ActiveCfg = Release|Any CPU
		{D3E03F2E-6607-457F-AC21-77ECB35537E4}.Release|iPhoneSimulator.Build.0 = Release|Any CPU
		{214DF492-54D2-4DE2-9AB6-FB3402F37867}.Debug|Any CPU.ActiveCfg = Debug|Any CPU
		{214DF492-54D2-4DE2-9AB6-FB3402F37867}.Debug|Any CPU.Build.0 = Debug|Any CPU
		{214DF492-54D2-4DE2-9AB6-FB3402F37867}.Debug|Any CPU.Deploy.0 = Debug|Any CPU
		{214DF492-54D2-4DE2-9AB6-FB3402F37867}.Debug|iPhone.ActiveCfg = Debug|Any CPU
		{214DF492-54D2-4DE2-9AB6-FB3402F37867}.Debug|iPhone.Build.0 = Debug|Any CPU
		{214DF492-54D2-4DE2-9AB6-FB3402F37867}.Debug|iPhone.Deploy.0 = Debug|Any CPU
		{214DF492-54D2-4DE2-9AB6-FB3402F37867}.Debug|iPhoneSimulator.ActiveCfg = Debug|Any CPU
		{214DF492-54D2-4DE2-9AB6-FB3402F37867}.Debug|iPhoneSimulator.Build.0 = Debug|Any CPU
		{214DF492-54D2-4DE2-9AB6-FB3402F37867}.Debug|iPhoneSimulator.Deploy.0 = Debug|Any CPU
		{214DF492-54D2-4DE2-9AB6-FB3402F37867}.Release|Any CPU.ActiveCfg = Release|Any CPU
		{214DF492-54D2-4DE2-9AB6-FB3402F37867}.Release|Any CPU.Build.0 = Release|Any CPU
		{214DF492-54D2-4DE2-9AB6-FB3402F37867}.Release|Any CPU.Deploy.0 = Release|Any CPU
		{214DF492-54D2-4DE2-9AB6-FB3402F37867}.Release|iPhone.ActiveCfg = Release|Any CPU
		{214DF492-54D2-4DE2-9AB6-FB3402F37867}.Release|iPhone.Build.0 = Release|Any CPU
		{214DF492-54D2-4DE2-9AB6-FB3402F37867}.Release|iPhone.Deploy.0 = Release|Any CPU
		{214DF492-54D2-4DE2-9AB6-FB3402F37867}.Release|iPhoneSimulator.ActiveCfg = Release|Any CPU
		{214DF492-54D2-4DE2-9AB6-FB3402F37867}.Release|iPhoneSimulator.Build.0 = Release|Any CPU
		{214DF492-54D2-4DE2-9AB6-FB3402F37867}.Release|iPhoneSimulator.Deploy.0 = Release|Any CPU
		{C8048CAF-2B5E-4044-B8C8-AB63A653C782}.Debug|Any CPU.ActiveCfg = Debug|iPhone
		{C8048CAF-2B5E-4044-B8C8-AB63A653C782}.Debug|iPhone.ActiveCfg = Debug|iPhone
		{C8048CAF-2B5E-4044-B8C8-AB63A653C782}.Debug|iPhone.Build.0 = Debug|iPhone
		{C8048CAF-2B5E-4044-B8C8-AB63A653C782}.Debug|iPhoneSimulator.ActiveCfg = Debug|iPhoneSimulator
		{C8048CAF-2B5E-4044-B8C8-AB63A653C782}.Debug|iPhoneSimulator.Build.0 = Debug|iPhoneSimulator
		{C8048CAF-2B5E-4044-B8C8-AB63A653C782}.Release|Any CPU.ActiveCfg = Release|iPhone
		{C8048CAF-2B5E-4044-B8C8-AB63A653C782}.Release|iPhone.ActiveCfg = Release|iPhone
		{C8048CAF-2B5E-4044-B8C8-AB63A653C782}.Release|iPhone.Build.0 = Release|iPhone
		{C8048CAF-2B5E-4044-B8C8-AB63A653C782}.Release|iPhoneSimulator.ActiveCfg = Release|iPhoneSimulator
		{C8048CAF-2B5E-4044-B8C8-AB63A653C782}.Release|iPhoneSimulator.Build.0 = Release|iPhoneSimulator
		{45FAFBB0-19C3-4538-A6FB-5D8E66A4277B}.Debug|Any CPU.ActiveCfg = Debug|Any CPU
		{45FAFBB0-19C3-4538-A6FB-5D8E66A4277B}.Debug|Any CPU.Build.0 = Debug|Any CPU
		{45FAFBB0-19C3-4538-A6FB-5D8E66A4277B}.Debug|iPhone.ActiveCfg = Debug|Any CPU
		{45FAFBB0-19C3-4538-A6FB-5D8E66A4277B}.Debug|iPhone.Build.0 = Debug|Any CPU
		{45FAFBB0-19C3-4538-A6FB-5D8E66A4277B}.Debug|iPhoneSimulator.ActiveCfg = Debug|Any CPU
		{45FAFBB0-19C3-4538-A6FB-5D8E66A4277B}.Debug|iPhoneSimulator.Build.0 = Debug|Any CPU
		{45FAFBB0-19C3-4538-A6FB-5D8E66A4277B}.Release|Any CPU.ActiveCfg = Release|Any CPU
		{45FAFBB0-19C3-4538-A6FB-5D8E66A4277B}.Release|Any CPU.Build.0 = Release|Any CPU
		{45FAFBB0-19C3-4538-A6FB-5D8E66A4277B}.Release|iPhone.ActiveCfg = Release|Any CPU
		{45FAFBB0-19C3-4538-A6FB-5D8E66A4277B}.Release|iPhone.Build.0 = Release|Any CPU
		{45FAFBB0-19C3-4538-A6FB-5D8E66A4277B}.Release|iPhoneSimulator.ActiveCfg = Release|Any CPU
		{45FAFBB0-19C3-4538-A6FB-5D8E66A4277B}.Release|iPhoneSimulator.Build.0 = Release|Any CPU
	EndGlobalSection
	GlobalSection(SolutionProperties) = preSolution
		HideSolutionNode = FALSE
	EndGlobalSection
	GlobalSection(ExtensibilityGlobals) = postSolution
		SolutionGuid = {F72CDC87-A7E5-46DF-9CF7-65832188FA40}
	EndGlobalSection
EndGlobal
